// !$*UTF8*$!
{
	archiveVersion = 1;
	classes = {
	};
	objectVersion = 46;
	objects = {

/* Begin PBXBuildFile section */
		1D3623260D0F684500981E51 /* trekaroo_mobileAppDelegate.m in Sources */ = {isa = PBXBuildFile; fileRef = 1D3623250D0F684500981E51 /* trekaroo_mobileAppDelegate.m */; };
		1D60589B0D05DD56006BFB54 /* main.m in Sources */ = {isa = PBXBuildFile; fileRef = 29B97316FDCFA39411CA2CEA /* main.m */; };
		1D60589F0D05DD5A006BFB54 /* Foundation.framework in Frameworks */ = {isa = PBXBuildFile; fileRef = 1D30AB110D05D00D00671497 /* Foundation.framework */; };
		1DF5F4E00D08C38300B7A737 /* UIKit.framework in Frameworks */ = {isa = PBXBuildFile; fileRef = 1DF5F4DF0D08C38300B7A737 /* UIKit.framework */; };
		201B604D1316B53A006FCD79 /* EngineDude.m in Sources */ = {isa = PBXBuildFile; fileRef = 201B604C1316B53A006FCD79 /* EngineDude.m */; };
		2039A14912E8940C008DE35E /* PhotoPreviewViewController.m in Sources */ = {isa = PBXBuildFile; fileRef = 2039A14712E8940C008DE35E /* PhotoPreviewViewController.m */; };
		2039A14A12E8940C008DE35E /* PhotoPreviewViewController.xib in Resources */ = {isa = PBXBuildFile; fileRef = 2039A14812E8940C008DE35E /* PhotoPreviewViewController.xib */; };
		20F79584136083C30032D770 /* MessageUI.framework in Frameworks */ = {isa = PBXBuildFile; fileRef = 20F79583136083C20032D770 /* MessageUI.framework */; };
		280E754D0DD40C5E005A515E /* FlipsideView.xib in Resources */ = {isa = PBXBuildFile; fileRef = 280E754A0DD40C5E005A515E /* FlipsideView.xib */; };
		280E754E0DD40C5E005A515E /* MainView.xib in Resources */ = {isa = PBXBuildFile; fileRef = 280E754B0DD40C5E005A515E /* MainView.xib */; };
		280E754F0DD40C5E005A515E /* MainWindow.xib in Resources */ = {isa = PBXBuildFile; fileRef = 280E754C0DD40C5E005A515E /* MainWindow.xib */; };
		288765590DF743DE002DB57D /* CoreGraphics.framework in Frameworks */ = {isa = PBXBuildFile; fileRef = 288765580DF743DE002DB57D /* CoreGraphics.framework */; };
		289233AE0DB2D0DB0083E9F9 /* MainViewController.m in Sources */ = {isa = PBXBuildFile; fileRef = 289233A90DB2D0DB0083E9F9 /* MainViewController.m */; };
		289233B00DB2D0DB0083E9F9 /* FlipsideViewController.m in Sources */ = {isa = PBXBuildFile; fileRef = 289233AD0DB2D0DB0083E9F9 /* FlipsideViewController.m */; };
		B43641371344E694009E8195 /* NSString+UUID.m in Sources */ = {isa = PBXBuildFile; fileRef = B43641361344E694009E8195 /* NSString+UUID.m */; };
		B43641461344EC2B009E8195 /* TKHTTPURLConnection.m in Sources */ = {isa = PBXBuildFile; fileRef = B43641451344EC2B009E8195 /* TKHTTPURLConnection.m */; };
		B43641A61344F1A8009E8195 /* back.png in Resources */ = {isa = PBXBuildFile; fileRef = B43641A21344F1A8009E8195 /* back.png */; };
		B43641A71344F1A8009E8195 /* backPressed.png in Resources */ = {isa = PBXBuildFile; fileRef = B43641A31344F1A8009E8195 /* backPressed.png */; };
		B43641A81344F1A8009E8195 /* forward.png in Resources */ = {isa = PBXBuildFile; fileRef = B43641A41344F1A8009E8195 /* forward.png */; };
		B43641A91344F1A8009E8195 /* forwardPressed.png in Resources */ = {isa = PBXBuildFile; fileRef = B43641A51344F1A8009E8195 /* forwardPressed.png */; };
		B436421D13450282009E8195 /* treklogo.png in Resources */ = {isa = PBXBuildFile; fileRef = B436421C13450282009E8195 /* treklogo.png */; };
		B436434A13452E55009E8195 /* NSString+URLEncoding.m in Sources */ = {isa = PBXBuildFile; fileRef = B436434913452E55009E8195 /* NSString+URLEncoding.m */; };
		B4A20496134E03E2006CCC3D /* CustomToolBar.m in Sources */ = {isa = PBXBuildFile; fileRef = B4A20495134E03E2006CCC3D /* CustomToolBar.m */; };
		B4A204BF134E05B2006CCC3D /* toolbar.png in Resources */ = {isa = PBXBuildFile; fileRef = B4A204BD134E05B2006CCC3D /* toolbar.png */; };
		B4A204C0134E05B2006CCC3D /* toolbar@2x.png in Resources */ = {isa = PBXBuildFile; fileRef = B4A204BE134E05B2006CCC3D /* toolbar@2x.png */; };
		B4A20637134E5E0C006CCC3D /* deleteButton.png in Resources */ = {isa = PBXBuildFile; fileRef = B4A20635134E5E0C006CCC3D /* deleteButton.png */; };
		B4A20638134E5E0C006CCC3D /* deleteButtonPressed.png in Resources */ = {isa = PBXBuildFile; fileRef = B4A20636134E5E0C006CCC3D /* deleteButtonPressed.png */; };
		B4A20673134E683B006CCC3D /* Default.png in Resources */ = {isa = PBXBuildFile; fileRef = B4A20671134E683B006CCC3D /* Default.png */; };
		B4A20674134E683B006CCC3D /* Default@2x.png in Resources */ = {isa = PBXBuildFile; fileRef = B4A20672134E683B006CCC3D /* Default@2x.png */; };
		B4A20677134E689D006CCC3D /* icon.png in Resources */ = {isa = PBXBuildFile; fileRef = B4A20675134E689D006CCC3D /* icon.png */; };
		B4A20678134E689D006CCC3D /* icon@2x.png in Resources */ = {isa = PBXBuildFile; fileRef = B4A20676134E689D006CCC3D /* icon@2x.png */; };
		B4CCF93E134A3BF900C5F783 /* localwebcache in Resources */ = {isa = PBXBuildFile; fileRef = B4CCF93C134A3BF900C5F783 /* localwebcache */; };
/* End PBXBuildFile section */

/* Begin PBXFileReference section */
		1D30AB110D05D00D00671497 /* Foundation.framework */ = {isa = PBXFileReference; lastKnownFileType = wrapper.framework; name = Foundation.framework; path = System/Library/Frameworks/Foundation.framework; sourceTree = SDKROOT; };
		1D3623240D0F684500981E51 /* trekaroo_mobileAppDelegate.h */ = {isa = PBXFileReference; fileEncoding = 4; lastKnownFileType = sourcecode.c.h; path = trekaroo_mobileAppDelegate.h; sourceTree = "<group>"; };
		1D3623250D0F684500981E51 /* trekaroo_mobileAppDelegate.m */ = {isa = PBXFileReference; fileEncoding = 4; lastKnownFileType = sourcecode.c.objc; path = trekaroo_mobileAppDelegate.m; sourceTree = "<group>"; };
		1D6058910D05DD3D006BFB54 /* Trekaroo.app */ = {isa = PBXFileReference; explicitFileType = wrapper.application; includeInIndex = 0; path = Trekaroo.app; sourceTree = BUILT_PRODUCTS_DIR; };
		1DF5F4DF0D08C38300B7A737 /* UIKit.framework */ = {isa = PBXFileReference; lastKnownFileType = wrapper.framework; name = UIKit.framework; path = System/Library/Frameworks/UIKit.framework; sourceTree = SDKROOT; };
		201B604B1316B53A006FCD79 /* EngineDude.h */ = {isa = PBXFileReference; fileEncoding = 4; lastKnownFileType = sourcecode.c.h; name = EngineDude.h; path = Classes/Models/EngineDude.h; sourceTree = "<group>"; };
		201B604C1316B53A006FCD79 /* EngineDude.m */ = {isa = PBXFileReference; fileEncoding = 4; lastKnownFileType = sourcecode.c.objc; name = EngineDude.m; path = Classes/Models/EngineDude.m; sourceTree = "<group>"; };
		2039A14612E8940C008DE35E /* PhotoPreviewViewController.h */ = {isa = PBXFileReference; fileEncoding = 4; lastKnownFileType = sourcecode.c.h; name = PhotoPreviewViewController.h; path = Classes/ViewControllers/PhotoPreviewViewController.h; sourceTree = "<group>"; };
		2039A14712E8940C008DE35E /* PhotoPreviewViewController.m */ = {isa = PBXFileReference; fileEncoding = 4; lastKnownFileType = sourcecode.c.objc; name = PhotoPreviewViewController.m; path = Classes/ViewControllers/PhotoPreviewViewController.m; sourceTree = "<group>"; };
		2039A14812E8940C008DE35E /* PhotoPreviewViewController.xib */ = {isa = PBXFileReference; lastKnownFileType = file.xib; name = PhotoPreviewViewController.xib; path = Classes/ViewControllers/PhotoPreviewViewController.xib; sourceTree = "<group>"; };
		20F79583136083C20032D770 /* MessageUI.framework */ = {isa = PBXFileReference; lastKnownFileType = wrapper.framework; name = MessageUI.framework; path = System/Library/Frameworks/MessageUI.framework; sourceTree = SDKROOT; };
		280E754A0DD40C5E005A515E /* FlipsideView.xib */ = {isa = PBXFileReference; lastKnownFileType = file.xib; path = FlipsideView.xib; sourceTree = "<group>"; };
		280E754B0DD40C5E005A515E /* MainView.xib */ = {isa = PBXFileReference; lastKnownFileType = file.xib; path = MainView.xib; sourceTree = "<group>"; };
		280E754C0DD40C5E005A515E /* MainWindow.xib */ = {isa = PBXFileReference; lastKnownFileType = file.xib; path = MainWindow.xib; sourceTree = "<group>"; };
		288765580DF743DE002DB57D /* CoreGraphics.framework */ = {isa = PBXFileReference; lastKnownFileType = wrapper.framework; name = CoreGraphics.framework; path = System/Library/Frameworks/CoreGraphics.framework; sourceTree = SDKROOT; };
		289233A80DB2D0DB0083E9F9 /* MainViewController.h */ = {isa = PBXFileReference; fileEncoding = 4; lastKnownFileType = sourcecode.c.h; name = MainViewController.h; path = Classes/MainViewController.h; sourceTree = "<group>"; };
		289233A90DB2D0DB0083E9F9 /* MainViewController.m */ = {isa = PBXFileReference; fileEncoding = 4; lastKnownFileType = sourcecode.c.objc; name = MainViewController.m; path = Classes/MainViewController.m; sourceTree = "<group>"; };
		289233AC0DB2D0DB0083E9F9 /* FlipsideViewController.h */ = {isa = PBXFileReference; fileEncoding = 4; lastKnownFileType = sourcecode.c.h; name = FlipsideViewController.h; path = Classes/FlipsideViewController.h; sourceTree = "<group>"; };
		289233AD0DB2D0DB0083E9F9 /* FlipsideViewController.m */ = {isa = PBXFileReference; fileEncoding = 4; lastKnownFileType = sourcecode.c.objc; name = FlipsideViewController.m; path = Classes/FlipsideViewController.m; sourceTree = "<group>"; };
		29B97316FDCFA39411CA2CEA /* main.m */ = {isa = PBXFileReference; fileEncoding = 4; lastKnownFileType = sourcecode.c.objc; path = main.m; sourceTree = "<group>"; };
		32CA4F630368D1EE00C91783 /* trekaroo_mobile_Prefix.pch */ = {isa = PBXFileReference; fileEncoding = 4; lastKnownFileType = sourcecode.c.h; path = trekaroo_mobile_Prefix.pch; sourceTree = "<group>"; };
		8D1107310486CEB800E47090 /* trekaroo_mobile-Info.plist */ = {isa = PBXFileReference; fileEncoding = 4; lastKnownFileType = text.plist.xml; path = "trekaroo_mobile-Info.plist"; plistStructureDefinitionIdentifier = "com.apple.xcode.plist.structure-definition.iphone.info-plist"; sourceTree = "<group>"; };
		B43641351344E694009E8195 /* NSString+UUID.h */ = {isa = PBXFileReference; fileEncoding = 4; lastKnownFileType = sourcecode.c.h; name = "NSString+UUID.h"; path = "Classes/Helpers/NSString+UUID.h"; sourceTree = "<group>"; };
		B43641361344E694009E8195 /* NSString+UUID.m */ = {isa = PBXFileReference; fileEncoding = 4; lastKnownFileType = sourcecode.c.objc; name = "NSString+UUID.m"; path = "Classes/Helpers/NSString+UUID.m"; sourceTree = "<group>"; };
		B43641441344EC2B009E8195 /* TKHTTPURLConnection.h */ = {isa = PBXFileReference; fileEncoding = 4; lastKnownFileType = sourcecode.c.h; name = TKHTTPURLConnection.h; path = Classes/Helpers/TKHTTPURLConnection.h; sourceTree = "<group>"; };
		B43641451344EC2B009E8195 /* TKHTTPURLConnection.m */ = {isa = PBXFileReference; fileEncoding = 4; lastKnownFileType = sourcecode.c.objc; name = TKHTTPURLConnection.m; path = Classes/Helpers/TKHTTPURLConnection.m; sourceTree = "<group>"; };
		B43641A21344F1A8009E8195 /* back.png */ = {isa = PBXFileReference; lastKnownFileType = image.png; name = back.png; path = images/back.png; sourceTree = "<group>"; };
		B43641A31344F1A8009E8195 /* backPressed.png */ = {isa = PBXFileReference; lastKnownFileType = image.png; name = backPressed.png; path = images/backPressed.png; sourceTree = "<group>"; };
		B43641A41344F1A8009E8195 /* forward.png */ = {isa = PBXFileReference; lastKnownFileType = image.png; name = forward.png; path = images/forward.png; sourceTree = "<group>"; };
		B43641A51344F1A8009E8195 /* forwardPressed.png */ = {isa = PBXFileReference; lastKnownFileType = image.png; name = forwardPressed.png; path = images/forwardPressed.png; sourceTree = "<group>"; };
		B436421C13450282009E8195 /* treklogo.png */ = {isa = PBXFileReference; lastKnownFileType = image.png; name = treklogo.png; path = images/treklogo.png; sourceTree = "<group>"; };
		B436434813452E55009E8195 /* NSString+URLEncoding.h */ = {isa = PBXFileReference; fileEncoding = 4; lastKnownFileType = sourcecode.c.h; name = "NSString+URLEncoding.h"; path = "Classes/Helpers/NSString+URLEncoding.h"; sourceTree = "<group>"; };
		B436434913452E55009E8195 /* NSString+URLEncoding.m */ = {isa = PBXFileReference; fileEncoding = 4; lastKnownFileType = sourcecode.c.objc; name = "NSString+URLEncoding.m"; path = "Classes/Helpers/NSString+URLEncoding.m"; sourceTree = "<group>"; };
		B4A20494134E03E2006CCC3D /* CustomToolBar.h */ = {isa = PBXFileReference; fileEncoding = 4; lastKnownFileType = sourcecode.c.h; name = CustomToolBar.h; path = Classes/Helpers/CustomToolBar.h; sourceTree = "<group>"; };
		B4A20495134E03E2006CCC3D /* CustomToolBar.m */ = {isa = PBXFileReference; fileEncoding = 4; lastKnownFileType = sourcecode.c.objc; name = CustomToolBar.m; path = Classes/Helpers/CustomToolBar.m; sourceTree = "<group>"; };
		B4A204BD134E05B2006CCC3D /* toolbar.png */ = {isa = PBXFileReference; lastKnownFileType = image.png; name = toolbar.png; path = images/toolbar.png; sourceTree = "<group>"; };
		B4A204BE134E05B2006CCC3D /* toolbar@2x.png */ = {isa = PBXFileReference; lastKnownFileType = image.png; name = "toolbar@2x.png"; path = "images/toolbar@2x.png"; sourceTree = "<group>"; };
		B4A20635134E5E0C006CCC3D /* deleteButton.png */ = {isa = PBXFileReference; lastKnownFileType = image.png; name = deleteButton.png; path = images/deleteButton.png; sourceTree = "<group>"; };
		B4A20636134E5E0C006CCC3D /* deleteButtonPressed.png */ = {isa = PBXFileReference; lastKnownFileType = image.png; name = deleteButtonPressed.png; path = images/deleteButtonPressed.png; sourceTree = "<group>"; };
		B4A20671134E683B006CCC3D /* Default.png */ = {isa = PBXFileReference; lastKnownFileType = image.png; name = Default.png; path = images/Default.png; sourceTree = "<group>"; };
		B4A20672134E683B006CCC3D /* Default@2x.png */ = {isa = PBXFileReference; lastKnownFileType = image.png; name = "Default@2x.png"; path = "images/Default@2x.png"; sourceTree = "<group>"; };
		B4A20675134E689D006CCC3D /* icon.png */ = {isa = PBXFileReference; lastKnownFileType = image.png; name = icon.png; path = images/icon.png; sourceTree = "<group>"; };
		B4A20676134E689D006CCC3D /* icon@2x.png */ = {isa = PBXFileReference; lastKnownFileType = image.png; name = "icon@2x.png"; path = "images/icon@2x.png"; sourceTree = "<group>"; };
		B4CCF93C134A3BF900C5F783 /* localwebcache */ = {isa = PBXFileReference; lastKnownFileType = folder; name = localwebcache; path = Resources/localwebcache; sourceTree = "<group>"; };
/* End PBXFileReference section */

/* Begin PBXFrameworksBuildPhase section */
		1D60588F0D05DD3D006BFB54 /* Frameworks */ = {
			isa = PBXFrameworksBuildPhase;
			buildActionMask = 2147483647;
			files = (
				1D60589F0D05DD5A006BFB54 /* Foundation.framework in Frameworks */,
				1DF5F4E00D08C38300B7A737 /* UIKit.framework in Frameworks */,
				288765590DF743DE002DB57D /* CoreGraphics.framework in Frameworks */,
				20F79584136083C30032D770 /* MessageUI.framework in Frameworks */,
			);
			runOnlyForDeploymentPostprocessing = 0;
		};
/* End PBXFrameworksBuildPhase section */

/* Begin PBXGroup section */
		080E96DDFE201D6D7F000001 /* Application Delegate */ = {
			isa = PBXGroup;
			children = (
				1D3623240D0F684500981E51 /* trekaroo_mobileAppDelegate.h */,
				1D3623250D0F684500981E51 /* trekaroo_mobileAppDelegate.m */,
			);
			name = "Application Delegate";
			path = Classes;
			sourceTree = "<group>";
		};
		19C28FACFE9D520D11CA2CBB /* Products */ = {
			isa = PBXGroup;
			children = (
				1D6058910D05DD3D006BFB54 /* Trekaroo.app */,
			);
			name = Products;
			sourceTree = "<group>";
		};
		201B60481316B4F8006FCD79 /* Models */ = {
			isa = PBXGroup;
			children = (
				201B604B1316B53A006FCD79 /* EngineDude.h */,
				201B604C1316B53A006FCD79 /* EngineDude.m */,
			);
			name = Models;
			sourceTree = "<group>";
		};
		2039A14312E893A7008DE35E /* View Controllers */ = {
			isa = PBXGroup;
			children = (
				2039A14612E8940C008DE35E /* PhotoPreviewViewController.h */,
				2039A14712E8940C008DE35E /* PhotoPreviewViewController.m */,
				2039A14812E8940C008DE35E /* PhotoPreviewViewController.xib */,
			);
			name = "View Controllers";
			sourceTree = "<group>";
		};
		281C6CD70DB2D82200F60ACC /* Flipside View */ = {
			isa = PBXGroup;
			children = (
				289233AC0DB2D0DB0083E9F9 /* FlipsideViewController.h */,
				289233AD0DB2D0DB0083E9F9 /* FlipsideViewController.m */,
			);
			name = "Flipside View";
			sourceTree = "<group>";
		};
		289233A00DB2D0730083E9F9 /* Main View */ = {
			isa = PBXGroup;
			children = (
				289233A80DB2D0DB0083E9F9 /* MainViewController.h */,
				289233A90DB2D0DB0083E9F9 /* MainViewController.m */,
			);
			name = "Main View";
			sourceTree = "<group>";
		};
		29B97314FDCFA39411CA2CEA /* CustomTemplate */ = {
			isa = PBXGroup;
			children = (
				8D1107310486CEB800E47090 /* trekaroo_mobile-Info.plist */,
				B4CCF93C134A3BF900C5F783 /* localwebcache */,
				B43641321344E60D009E8195 /* Helpers */,
				201B60481316B4F8006FCD79 /* Models */,
				2039A14312E893A7008DE35E /* View Controllers */,
				289233A00DB2D0730083E9F9 /* Main View */,
				281C6CD70DB2D82200F60ACC /* Flipside View */,
				080E96DDFE201D6D7F000001 /* Application Delegate */,
				29B97315FDCFA39411CA2CEA /* Other Sources */,
				29B97317FDCFA39411CA2CEA /* Resources */,
				B436419F1344F199009E8195 /* images */,
				29B97323FDCFA39411CA2CEA /* Frameworks */,
				19C28FACFE9D520D11CA2CBB /* Products */,
			);
			name = CustomTemplate;
			sourceTree = "<group>";
		};
		29B97315FDCFA39411CA2CEA /* Other Sources */ = {
			isa = PBXGroup;
			children = (
				32CA4F630368D1EE00C91783 /* trekaroo_mobile_Prefix.pch */,
				29B97316FDCFA39411CA2CEA /* main.m */,
			);
			name = "Other Sources";
			sourceTree = "<group>";
		};
		29B97317FDCFA39411CA2CEA /* Resources */ = {
			isa = PBXGroup;
			children = (
				B4A20675134E689D006CCC3D /* icon.png */,
				B4A20676134E689D006CCC3D /* icon@2x.png */,
				B4A20671134E683B006CCC3D /* Default.png */,
				B4A20672134E683B006CCC3D /* Default@2x.png */,
				280E754A0DD40C5E005A515E /* FlipsideView.xib */,
				280E754B0DD40C5E005A515E /* MainView.xib */,
				280E754C0DD40C5E005A515E /* MainWindow.xib */,
			);
			name = Resources;
			sourceTree = "<group>";
		};
		29B97323FDCFA39411CA2CEA /* Frameworks */ = {
			isa = PBXGroup;
			children = (
				1DF5F4DF0D08C38300B7A737 /* UIKit.framework */,
				1D30AB110D05D00D00671497 /* Foundation.framework */,
				288765580DF743DE002DB57D /* CoreGraphics.framework */,
				20F79583136083C20032D770 /* MessageUI.framework */,
			);
			name = Frameworks;
			sourceTree = "<group>";
		};
		B43641321344E60D009E8195 /* Helpers */ = {
			isa = PBXGroup;
			children = (
				B43641351344E694009E8195 /* NSString+UUID.h */,
				B43641361344E694009E8195 /* NSString+UUID.m */,
				B43641441344EC2B009E8195 /* TKHTTPURLConnection.h */,
				B43641451344EC2B009E8195 /* TKHTTPURLConnection.m */,
				B436434813452E55009E8195 /* NSString+URLEncoding.h */,
				B436434913452E55009E8195 /* NSString+URLEncoding.m */,
				B4A20494134E03E2006CCC3D /* CustomToolBar.h */,
				B4A20495134E03E2006CCC3D /* CustomToolBar.m */,
			);
			name = Helpers;
			sourceTree = "<group>";
		};
		B436419F1344F199009E8195 /* images */ = {
			isa = PBXGroup;
			children = (
				B4A204BD134E05B2006CCC3D /* toolbar.png */,
				B4A204BE134E05B2006CCC3D /* toolbar@2x.png */,
				B4A20635134E5E0C006CCC3D /* deleteButton.png */,
				B4A20636134E5E0C006CCC3D /* deleteButtonPressed.png */,
				B436421C13450282009E8195 /* treklogo.png */,
				B43641A21344F1A8009E8195 /* back.png */,
				B43641A31344F1A8009E8195 /* backPressed.png */,
				B43641A41344F1A8009E8195 /* forward.png */,
				B43641A51344F1A8009E8195 /* forwardPressed.png */,
			);
			name = images;
			sourceTree = "<group>";
		};
/* End PBXGroup section */

/* Begin PBXNativeTarget section */
		1D6058900D05DD3D006BFB54 /* Trekaroo */ = {
			isa = PBXNativeTarget;
			buildConfigurationList = 1D6058960D05DD3E006BFB54 /* Build configuration list for PBXNativeTarget "Trekaroo" */;
			buildPhases = (
				1D60588D0D05DD3D006BFB54 /* Resources */,
				1D60588E0D05DD3D006BFB54 /* Sources */,
				1D60588F0D05DD3D006BFB54 /* Frameworks */,
			);
			buildRules = (
			);
			dependencies = (
			);
			name = Trekaroo;
			productName = "trekaroo-mobile";
			productReference = 1D6058910D05DD3D006BFB54 /* Trekaroo.app */;
			productType = "com.apple.product-type.application";
		};
/* End PBXNativeTarget section */

/* Begin PBXProject section */
		29B97313FDCFA39411CA2CEA /* Project object */ = {
			isa = PBXProject;
			buildConfigurationList = C01FCF4E08A954540054247B /* Build configuration list for PBXProject "trekaroo-mobile" */;
			compatibilityVersion = "Xcode 3.2";
			developmentRegion = English;
			hasScannedForEncodings = 1;
			knownRegions = (
				English,
				Japanese,
				French,
				German,
				en,
			);
			mainGroup = 29B97314FDCFA39411CA2CEA /* CustomTemplate */;
			projectDirPath = "";
			projectRoot = "";
			targets = (
				1D6058900D05DD3D006BFB54 /* Trekaroo */,
			);
		};
/* End PBXProject section */

/* Begin PBXResourcesBuildPhase section */
		1D60588D0D05DD3D006BFB54 /* Resources */ = {
			isa = PBXResourcesBuildPhase;
			buildActionMask = 2147483647;
			files = (
				280E754D0DD40C5E005A515E /* FlipsideView.xib in Resources */,
				280E754E0DD40C5E005A515E /* MainView.xib in Resources */,
				280E754F0DD40C5E005A515E /* MainWindow.xib in Resources */,
				2039A14A12E8940C008DE35E /* PhotoPreviewViewController.xib in Resources */,
				B43641A61344F1A8009E8195 /* back.png in Resources */,
				B43641A71344F1A8009E8195 /* backPressed.png in Resources */,
				B43641A81344F1A8009E8195 /* forward.png in Resources */,
				B43641A91344F1A8009E8195 /* forwardPressed.png in Resources */,
				B436421D13450282009E8195 /* treklogo.png in Resources */,
				B4CCF93E134A3BF900C5F783 /* localwebcache in Resources */,
				B4A204BF134E05B2006CCC3D /* toolbar.png in Resources */,
				B4A204C0134E05B2006CCC3D /* toolbar@2x.png in Resources */,
				B4A20637134E5E0C006CCC3D /* deleteButton.png in Resources */,
				B4A20638134E5E0C006CCC3D /* deleteButtonPressed.png in Resources */,
				B4A20673134E683B006CCC3D /* Default.png in Resources */,
				B4A20674134E683B006CCC3D /* Default@2x.png in Resources */,
				B4A20677134E689D006CCC3D /* icon.png in Resources */,
				B4A20678134E689D006CCC3D /* icon@2x.png in Resources */,
			);
			runOnlyForDeploymentPostprocessing = 0;
		};
/* End PBXResourcesBuildPhase section */

/* Begin PBXSourcesBuildPhase section */
		1D60588E0D05DD3D006BFB54 /* Sources */ = {
			isa = PBXSourcesBuildPhase;
			buildActionMask = 2147483647;
			files = (
				1D60589B0D05DD56006BFB54 /* main.m in Sources */,
				1D3623260D0F684500981E51 /* trekaroo_mobileAppDelegate.m in Sources */,
				289233AE0DB2D0DB0083E9F9 /* MainViewController.m in Sources */,
				289233B00DB2D0DB0083E9F9 /* FlipsideViewController.m in Sources */,
				2039A14912E8940C008DE35E /* PhotoPreviewViewController.m in Sources */,
				201B604D1316B53A006FCD79 /* EngineDude.m in Sources */,
				B43641371344E694009E8195 /* NSString+UUID.m in Sources */,
				B43641461344EC2B009E8195 /* TKHTTPURLConnection.m in Sources */,
				B436434A13452E55009E8195 /* NSString+URLEncoding.m in Sources */,
				B4A20496134E03E2006CCC3D /* CustomToolBar.m in Sources */,
			);
			runOnlyForDeploymentPostprocessing = 0;
		};
/* End PBXSourcesBuildPhase section */

/* Begin XCBuildConfiguration section */
		1D6058940D05DD3E006BFB54 /* Debug */ = {
			isa = XCBuildConfiguration;
			buildSettings = {
				ALWAYS_SEARCH_USER_PATHS = NO;
				COPY_PHASE_STRIP = NO;
				GCC_DYNAMIC_NO_PIC = NO;
				GCC_OPTIMIZATION_LEVEL = 0;
				GCC_PRECOMPILE_PREFIX_HEADER = YES;
				GCC_PREFIX_HEADER = trekaroo_mobile_Prefix.pch;
				INFOPLIST_FILE = "trekaroo_mobile-Info.plist";
				PRODUCT_NAME = Trekaroo;
			};
			name = Debug;
		};
		1D6058950D05DD3E006BFB54 /* Release */ = {
			isa = XCBuildConfiguration;
			buildSettings = {
				ALWAYS_SEARCH_USER_PATHS = NO;
				COPY_PHASE_STRIP = YES;
				GCC_PRECOMPILE_PREFIX_HEADER = YES;
				GCC_PREFIX_HEADER = trekaroo_mobile_Prefix.pch;
				INFOPLIST_FILE = "trekaroo_mobile-Info.plist";
				PRODUCT_NAME = Trekaroo;
				VALIDATE_PRODUCT = YES;
			};
			name = Release;
		};
		B4A20577134E1E0B006CCC3D /* DISTRIBUTION */ = {
			isa = XCBuildConfiguration;
			buildSettings = {
				ARCHS = "$(ARCHS_STANDARD_32_BIT)";
				"CODE_SIGN_IDENTITY[sdk=iphoneos*]" = "iPhone Developer";
				GCC_C_LANGUAGE_STANDARD = c99;
				GCC_WARN_ABOUT_RETURN_TYPE = YES;
				GCC_WARN_UNUSED_VARIABLE = YES;
				OTHER_CFLAGS = "-DNS_BLOCK_ASSERTIONS=1";
				PREBINDING = NO;
				SDKROOT = iphoneos4.1;
			};
			name = DISTRIBUTION;
		};
		B4A20578134E1E0B006CCC3D /* DISTRIBUTION */ = {
			isa = XCBuildConfiguration;
			buildSettings = {
				ALWAYS_SEARCH_USER_PATHS = NO;
				COPY_PHASE_STRIP = YES;
				GCC_PRECOMPILE_PREFIX_HEADER = YES;
				GCC_PREFIX_HEADER = trekaroo_mobile_Prefix.pch;
				INFOPLIST_FILE = "trekaroo_mobile-Info.plist";
				PRODUCT_NAME = Trekaroo;
				VALIDATE_PRODUCT = YES;
			};
			name = DISTRIBUTION;
		};
		B4A20579134E1E16006CCC3D /* ADHOC */ = {
			isa = XCBuildConfiguration;
			buildSettings = {
				ARCHS = "$(ARCHS_STANDARD_32_BIT)";
				"CODE_SIGN_IDENTITY[sdk=iphoneos*]" = "iPhone Distribution: Stone Design Corp";
				GCC_C_LANGUAGE_STANDARD = c99;
				GCC_WARN_ABOUT_RETURN_TYPE = YES;
				GCC_WARN_UNUSED_VARIABLE = YES;
				OTHER_CFLAGS = "-DNS_BLOCK_ASSERTIONS=1";
				PREBINDING = NO;
				"PROVISIONING_PROFILE[sdk=iphoneos*]" = "D8D8B8F9-D2A3-494A-BCDE-AE18A584AEBC";
				SDKROOT = iphoneos;
			};
			name = ADHOC;
		};
		B4A2057A134E1E16006CCC3D /* ADHOC */ = {
			isa = XCBuildConfiguration;
			buildSettings = {
				ALWAYS_SEARCH_USER_PATHS = NO;
				COPY_PHASE_STRIP = YES;
				GCC_PRECOMPILE_PREFIX_HEADER = YES;
				GCC_PREFIX_HEADER = trekaroo_mobile_Prefix.pch;
				INFOPLIST_FILE = "trekaroo_mobile-Info.plist";
				PRODUCT_NAME = Trekaroo;
				VALIDATE_PRODUCT = YES;
			};
			name = ADHOC;
		};
		C01FCF4F08A954540054247B /* Debug */ = {
			isa = XCBuildConfiguration;
			buildSettings = {
				ARCHS = "$(ARCHS_STANDARD_32_BIT)";
				"CODE_SIGN_IDENTITY[sdk=iphoneos*]" = "iPhone Developer";
				GCC_C_LANGUAGE_STANDARD = c99;
				GCC_WARN_ABOUT_RETURN_TYPE = YES;
				GCC_WARN_UNUSED_VARIABLE = YES;
				PREBINDING = NO;
				SDKROOT = iphoneos;
			};
			name = Debug;
		};
		C01FCF5008A954540054247B /* Release */ = {
			isa = XCBuildConfiguration;
			buildSettings = {
				ARCHS = "$(ARCHS_STANDARD_32_BIT)";
				"CODE_SIGN_IDENTITY[sdk=iphoneos*]" = "iPhone Developer";
				GCC_C_LANGUAGE_STANDARD = c99;
				GCC_WARN_ABOUT_RETURN_TYPE = YES;
				GCC_WARN_UNUSED_VARIABLE = YES;
				OTHER_CFLAGS = "-DNS_BLOCK_ASSERTIONS=1";
				PREBINDING = NO;
				SDKROOT = iphoneos4.1;
			};
			name = Release;
		};
/* End XCBuildConfiguration section */

/* Begin XCConfigurationList section */
		1D6058960D05DD3E006BFB54 /* Build configuration list for PBXNativeTarget "Trekaroo" */ = {
			isa = XCConfigurationList;
			buildConfigurations = (
				1D6058940D05DD3E006BFB54 /* Debug */,
				1D6058950D05DD3E006BFB54 /* Release */,
				B4A2057A134E1E16006CCC3D /* ADHOC */,
				B4A20578134E1E0B006CCC3D /* DISTRIBUTION */,
			);
			defaultConfigurationIsVisible = 0;
			defaultConfigurationName = Release;
		};
		C01FCF4E08A954540054247B /* Build configuration list for PBXProject "trekaroo-mobile" */ = {
			isa = XCConfigurationList;
			buildConfigurations = (
				C01FCF4F08A954540054247B /* Debug */,
				C01FCF5008A954540054247B /* Release */,
				B4A20579134E1E16006CCC3D /* ADHOC */,
				B4A20577134E1E0B006CCC3D /* DISTRIBUTION */,
			);
			defaultConfigurationIsVisible = 0;
			defaultConfigurationName = Release;
		};
/* End XCConfigurationList section */
	};
	rootObject = 29B97313FDCFA39411CA2CEA /* Project object */;
}
